
Microsoft Visual Studio Solution File, Format Version 12.00
# Visual Studio Version 17
VisualStudioVersion = 17.11.35208.52
MinimumVisualStudioVersion = 10.0.40219.1
Project("{FAE04EC0-301F-11D3-BF4B-00C04F79EFBC}") = "Dream Theater Fan Page", "Dream Theater Fan Page\Dream Theater Fan Page.csproj", "{0DC1B454-7564-43E7-BD8F-9F948C91D482}"
EndProject
Global
	GlobalSection(SolutionConfigurationPlatforms) = preSolution
		Debug|Any CPU = Debug|Any CPU
		Release|Any CPU = Release|Any CPU
	EndGlobalSection
	GlobalSection(ProjectConfigurationPlatforms) = postSolution
		{0DC1B454-7564-43E7-BD8F-9F948C91D482}.Debug|Any CPU.ActiveCfg = Debug|Any CPU
		{0DC1B454-7564-43E7-BD8F-9F948C91D482}.Debug|Any CPU.Build.0 = Debug|Any CPU
		{0DC1B454-7564-43E7-BD8F-9F948C91D482}.Release|Any CPU.ActiveCfg = Release|Any CPU
		{0DC1B454-7564-43E7-BD8F-9F948C91D482}.Release|Any CPU.Build.0 = Release|Any CPU
	EndGlobalSection
	GlobalSection(SolutionProperties) = preSolution
		HideSolutionNode = FALSE
	EndGlobalSection
	GlobalSection(ExtensibilityGlobals) = postSolution
		SolutionGuid = {BE824ED8-1AD8-469F-BA55-430285C1BD41}
	EndGlobalSection
EndGlobal
